// !$*UTF8*$!
{
	archiveVersion = 1;
	classes = {
	};
	objectVersion = 55;
	objects = {

/* Begin PBXBuildFile section */
		6A9AB9A727F497CC00B367CA /* AppDelegate.swift in Sources */ = {isa = PBXBuildFile; fileRef = 6A9AB9A627F497CC00B367CA /* AppDelegate.swift */; };
		6A9AB9A927F497CC00B367CA /* SceneDelegate.swift in Sources */ = {isa = PBXBuildFile; fileRef = 6A9AB9A827F497CC00B367CA /* SceneDelegate.swift */; };
		6A9AB9AB27F497CC00B367CA /* ViewController.swift in Sources */ = {isa = PBXBuildFile; fileRef = 6A9AB9AA27F497CC00B367CA /* ViewController.swift */; };
		6A9AB9AE27F497CC00B367CA /* Main.storyboard in Resources */ = {isa = PBXBuildFile; fileRef = 6A9AB9AC27F497CC00B367CA /* Main.storyboard */; };
		6A9AB9B027F497CF00B367CA /* Assets.xcassets in Resources */ = {isa = PBXBuildFile; fileRef = 6A9AB9AF27F497CF00B367CA /* Assets.xcassets */; };
		6A9AB9B327F497CF00B367CA /* LaunchScreen.storyboard in Resources */ = {isa = PBXBuildFile; fileRef = 6A9AB9B127F497CF00B367CA /* LaunchScreen.storyboard */; };
		6A9AB9D127F49C8400B367CA /* 6.jpg in Resources */ = {isa = PBXBuildFile; fileRef = 6A9AB9CB27F49C8400B367CA /* 6.jpg */; };
		6A9AB9D227F49C8400B367CA /* 2.jpg in Resources */ = {isa = PBXBuildFile; fileRef = 6A9AB9CC27F49C8400B367CA /* 2.jpg */; };
		6A9AB9D327F49C8400B367CA /* 1.jpg in Resources */ = {isa = PBXBuildFile; fileRef = 6A9AB9CD27F49C8400B367CA /* 1.jpg */; };
		6A9AB9D427F49C8400B367CA /* 3.jpg in Resources */ = {isa = PBXBuildFile; fileRef = 6A9AB9CE27F49C8400B367CA /* 3.jpg */; };
		6A9AB9D527F49C8400B367CA /* 4.jpg in Resources */ = {isa = PBXBuildFile; fileRef = 6A9AB9CF27F49C8400B367CA /* 4.jpg */; };
		6A9AB9D627F49C8400B367CA /* 5.jpg in Resources */ = {isa = PBXBuildFile; fileRef = 6A9AB9D027F49C8400B367CA /* 5.jpg */; };
/* End PBXBuildFile section */

/* Begin PBXFileReference section */
		6A9AB9A327F497CC00B367CA /* pageControl.app */ = {isa = PBXFileReference; explicitFileType = wrapper.application; includeInIndex = 0; path = pageControl.app; sourceTree = BUILT_PRODUCTS_DIR; };
		6A9AB9A627F497CC00B367CA /* AppDelegate.swift */ = {isa = PBXFileReference; lastKnownFileType = sourcecode.swift; path = AppDelegate.swift; sourceTree = "<group>"; };
		6A9AB9A827F497CC00B367CA /* SceneDelegate.swift */ = {isa = PBXFileReference; lastKnownFileType = sourcecode.swift; path = SceneDelegate.swift; sourceTree = "<group>"; };
		6A9AB9AA27F497CC00B367CA /* ViewController.swift */ = {isa = PBXFileReference; lastKnownFileType = sourcecode.swift; path = ViewController.swift; sourceTree = "<group>"; };
		6A9AB9AD27F497CC00B367CA /* Base */ = {isa = PBXFileReference; lastKnownFileType = file.storyboard; name = Base; path = Base.lproj/Main.storyboard; sourceTree = "<group>"; };
		6A9AB9AF27F497CF00B367CA /* Assets.xcassets */ = {isa = PBXFileReference; lastKnownFileType = folder.assetcatalog; path = Assets.xcassets; sourceTree = "<group>"; };
		6A9AB9B227F497CF00B367CA /* Base */ = {isa = PBXFileReference; lastKnownFileType = file.storyboard; name = Base; path = Base.lproj/LaunchScreen.storyboard; sourceTree = "<group>"; };
		6A9AB9B427F497CF00B367CA /* Info.plist */ = {isa = PBXFileReference; lastKnownFileType = text.plist.xml; path = Info.plist; sourceTree = "<group>"; };
		6A9AB9CB27F49C8400B367CA /* 6.jpg */ = {isa = PBXFileReference; lastKnownFileType = image.jpeg; name = 6.jpg; path = images/6.jpg; sourceTree = SOURCE_ROOT; };
		6A9AB9CC27F49C8400B367CA /* 2.jpg */ = {isa = PBXFileReference; lastKnownFileType = image.jpeg; name = 2.jpg; path = images/2.jpg; sourceTree = SOURCE_ROOT; };
		6A9AB9CD27F49C8400B367CA /* 1.jpg */ = {isa = PBXFileReference; lastKnownFileType = image.jpeg; name = 1.jpg; path = images/1.jpg; sourceTree = SOURCE_ROOT; };
		6A9AB9CE27F49C8400B367CA /* 3.jpg */ = {isa = PBXFileReference; lastKnownFileType = image.jpeg; name = 3.jpg; path = images/3.jpg; sourceTree = SOURCE_ROOT; };
		6A9AB9CF27F49C8400B367CA /* 4.jpg */ = {isa = PBXFileReference; lastKnownFileType = image.jpeg; name = 4.jpg; path = images/4.jpg; sourceTree = SOURCE_ROOT; };
		6A9AB9D027F49C8400B367CA /* 5.jpg */ = {isa = PBXFileReference; lastKnownFileType = image.jpeg; name = 5.jpg; path = images/5.jpg; sourceTree = SOURCE_ROOT; };
/* End PBXFileReference section */

/* Begin PBXFrameworksBuildPhase section */
		6A9AB9A027F497CC00B367CA /* Frameworks */ = {
			isa = PBXFrameworksBuildPhase;
			buildActionMask = 2147483647;
			files = (
			);
			runOnlyForDeploymentPostprocessing = 0;
		};
/* End PBXFrameworksBuildPhase section */

/* Begin PBXGroup section */
		6A9AB99A27F497CC00B367CA = {
			isa = PBXGroup;
			children = (
				6A9AB9A527F497CC00B367CA /* pageControl */,
				6A9AB9A427F497CC00B367CA /* Products */,
			);
			sourceTree = "<group>";
		};
		6A9AB9A427F497CC00B367CA /* Products */ = {
			isa = PBXGroup;
			children = (
				6A9AB9A327F497CC00B367CA /* pageControl.app */,
			);
			name = Products;
			sourceTree = "<group>";
		};
		6A9AB9A527F497CC00B367CA /* pageControl */ = {
			isa = PBXGroup;
			children = (
				6A9AB9BE27F49C3B00B367CA /* images */,
				6A9AB9A627F497CC00B367CA /* AppDelegate.swift */,
				6A9AB9A827F497CC00B367CA /* SceneDelegate.swift */,
				6A9AB9AA27F497CC00B367CA /* ViewController.swift */,
				6A9AB9AC27F497CC00B367CA /* Main.storyboard */,
				6A9AB9AF27F497CF00B367CA /* Assets.xcassets */,
				6A9AB9B127F497CF00B367CA /* LaunchScreen.storyboard */,
				6A9AB9B427F497CF00B367CA /* Info.plist */,
			);
			path = pageControl;
			sourceTree = "<group>";
		};
		6A9AB9BE27F49C3B00B367CA /* images */ = {
			isa = PBXGroup;
			children = (
				6A9AB9CD27F49C8400B367CA /* 1.jpg */,
				6A9AB9CC27F49C8400B367CA /* 2.jpg */,
				6A9AB9CE27F49C8400B367CA /* 3.jpg */,
				6A9AB9CF27F49C8400B367CA /* 4.jpg */,
				6A9AB9D027F49C8400B367CA /* 5.jpg */,
				6A9AB9CB27F49C8400B367CA /* 6.jpg */,
			);
			path = images;
			sourceTree = "<group>";
		};
/* End PBXGroup section */

/* Begin PBXNativeTarget section */
		6A9AB9A227F497CC00B367CA /* pageControl */ = {
			isa = PBXNativeTarget;
			buildConfigurationList = 6A9AB9B727F497CF00B367CA /* Build configuration list for PBXNativeTarget "pageControl" */;
			buildPhases = (
				6A9AB99F27F497CC00B367CA /* Sources */,
				6A9AB9A027F497CC00B367CA /* Frameworks */,
				6A9AB9A127F497CC00B367CA /* Resources */,
			);
			buildRules = (
			);
			dependencies = (
			);
			name = pageControl;
			productName = pageControl;
			productReference = 6A9AB9A327F497CC00B367CA /* pageControl.app */;
			productType = "com.apple.product-type.application";
		};
/* End PBXNativeTarget section */

/* Begin PBXProject section */
		6A9AB99B27F497CC00B367CA /* Project object */ = {
			isa = PBXProject;
			attributes = {
				BuildIndependentTargetsInParallel = 1;
				LastSwiftUpdateCheck = 1330;
				LastUpgradeCheck = 1330;
				TargetAttributes = {
					6A9AB9A227F497CC00B367CA = {
						CreatedOnToolsVersion = 13.3;
					};
				};
			};
			buildConfigurationList = 6A9AB99E27F497CC00B367CA /* Build configuration list for PBXProject "pageControl" */;
			compatibilityVersion = "Xcode 13.0";
			developmentRegion = en;
			hasScannedForEncodings = 0;
			knownRegions = (
				en,
				Base,
			);
			mainGroup = 6A9AB99A27F497CC00B367CA;
			productRefGroup = 6A9AB9A427F497CC00B367CA /* Products */;
			projectDirPath = "";
			projectRoot = "";
			targets = (
				6A9AB9A227F497CC00B367CA /* pageControl */,
			);
		};
/* End PBXProject section */

/* Begin PBXResourcesBuildPhase section */
		6A9AB9A127F497CC00B367CA /* Resources */ = {
			isa = PBXResourcesBuildPhase;
			buildActionMask = 2147483647;
			files = (
				6A9AB9D527F49C8400B367CA /* 4.jpg in Resources */,
				6A9AB9B327F497CF00B367CA /* LaunchScreen.storyboard in Resources */,
				6A9AB9B027F497CF00B367CA /* Assets.xcassets in Resources */,
				6A9AB9D627F49C8400B367CA /* 5.jpg in Resources */,
				6A9AB9D227F49C8400B367CA /* 2.jpg in Resources */,
				6A9AB9D327F49C8400B367CA /* 1.jpg in Resources */,
				6A9AB9D127F49C8400B367CA /* 6.jpg in Resources */,
				6A9AB9D427F49C8400B367CA /* 3.jpg in Resources */,
				6A9AB9AE27F497CC00B367CA /* Main.storyboard in Resources */,
			);
			runOnlyForDeploymentPostprocessing = 0;
		};
/* End PBXResourcesBuildPhase section */

/* Begin PBXSourcesBuildPhase section */
		6A9AB99F27F497CC00B367CA /* Sources */ = {
			isa = PBXSourcesBuildPhase;
			buildActionMask = 2147483647;
			files = (
				6A9AB9AB27F497CC00B367CA /* ViewController.swift in Sources */,
				6A9AB9A727F497CC00B367CA /* AppDelegate.swift in Sources */,
				6A9AB9A927F497CC00B367CA /* SceneDelegate.swift in Sources */,
			);
			runOnlyForDeploymentPostprocessing = 0;
		};
/* End PBXSourcesBuildPhase section */

/* Begin PBXVariantGroup section */
		6A9AB9AC27F497CC00B367CA /* Main.storyboard */ = {
			isa = PBXVariantGroup;
			children = (
				6A9AB9AD27F497CC00B367CA /* Base */,
			);
			name = Main.storyboard;
			sourceTree = "<group>";
		};
		6A9AB9B127F497CF00B367CA /* LaunchScreen.storyboard */ = {
			isa = PBXVariantGroup;
			children = (
				6A9AB9B227F497CF00B367CA /* Base */,
			);
			name = LaunchScreen.storyboard;
			sourceTree = "<group>";
		};
/* End PBXVariantGroup section */

/* Begin XCBuildConfiguration section */
		6A9AB9B527F497CF00B367CA /* Debug */ = {
			isa = XCBuildConfiguration;
			buildSettings = {
				ALWAYS_SEARCH_USER_PATHS = NO;
				CLANG_ANALYZER_NONNULL = YES;
				CLANG_ANALYZER_NUMBER_OBJECT_CONVERSION = YES_AGGRESSIVE;
				CLANG_CXX_LANGUAGE_STANDARD = "gnu++17";
				CLANG_ENABLE_MODULES = YES;
				CLANG_ENABLE_OBJC_ARC = YES;
				CLANG_ENABLE_OBJC_WEAK = YES;
				CLANG_WARN_BLOCK_CAPTURE_AUTORELEASING = YES;
				CLANG_WARN_BOOL_CONVERSION = YES;
				CLANG_WARN_COMMA = YES;
				CLANG_WARN_CONSTANT_CONVERSION = YES;
				CLANG_WARN_DEPRECATED_OBJC_IMPLEMENTATIONS = YES;
				CLANG_WARN_DIRECT_OBJC_ISA_USAGE = YES_ERROR;
				CLANG_WARN_DOCUMENTATION_COMMENTS = YES;
				CLANG_WARN_EMPTY_BODY = YES;
				CLANG_WARN_ENUM_CONVERSION = YES;
				CLANG_WARN_INFINITE_RECURSION = YES;
				CLANG_WARN_INT_CONVERSION = YES;
				CLANG_WARN_NON_LITERAL_NULL_CONVERSION = YES;
				CLANG_WARN_OBJC_IMPLICIT_RETAIN_SELF = YES;
				CLANG_WARN_OBJC_LITERAL_CONVERSION = YES;
				CLANG_WARN_OBJC_ROOT_CLASS = YES_ERROR;
				CLANG_WARN_QUOTED_INCLUDE_IN_FRAMEWORK_HEADER = YES;
				CLANG_WARN_RANGE_LOOP_ANALYSIS = YES;
				CLANG_WARN_STRICT_PROTOTYPES = YES;
				CLANG_WARN_SUSPICIOUS_MOVE = YES;
				CLANG_WARN_UNGUARDED_AVAILABILITY = YES_AGGRESSIVE;
				CLANG_WARN_UNREACHABLE_CODE = YES;
				CLANG_WARN__DUPLICATE_METHOD_MATCH = YES;
				COPY_PHASE_STRIP = NO;
				DEBUG_INFORMATION_FORMAT = dwarf;
				ENABLE_STRICT_OBJC_MSGSEND = YES;
				ENABLE_TESTABILITY = YES;
				GCC_C_LANGUAGE_STANDARD = gnu11;
				GCC_DYNAMIC_NO_PIC = NO;
				GCC_NO_COMMON_BLOCKS = YES;
				GCC_OPTIMIZATION_LEVEL = 0;
				GCC_PREPROCESSOR_DEFINITIONS = (
					"DEBUG=1",
					"$(inherited)",
				);
				GCC_WARN_64_TO_32_BIT_CONVERSION = YES;
				GCC_WARN_ABOUT_RETURN_TYPE = YES_ERROR;
				GCC_WARN_UNDECLARED_SELECTOR = YES;
				GCC_WARN_UNINITIALIZED_AUTOS = YES_AGGRESSIVE;
				GCC_WARN_UNUSED_FUNCTION = YES;
				GCC_WARN_UNUSED_VARIABLE = YES;
				IPHONEOS_DEPLOYMENT_TARGET = 15.4;
				MTL_ENABLE_DEBUG_INFO = INCLUDE_SOURCE;
				MTL_FAST_MATH = YES;
				ONLY_ACTIVE_ARCH = YES;
				SDKROOT = iphoneos;
				SWIFT_ACTIVE_COMPILATION_CONDITIONS = DEBUG;
				SWIFT_OPTIMIZATION_LEVEL = "-Onone";
			};
			name = Debug;
		};
		6A9AB9B627F497CF00B367CA /* Release */ = {
			isa = XCBuildConfiguration;
			buildSettings = {
				ALWAYS_SEARCH_USER_PATHS = NO;
				CLANG_ANALYZER_NONNULL = YES;
				CLANG_ANALYZER_NUMBER_OBJECT_CONVERSION = YES_AGGRESSIVE;
				CLANG_CXX_LANGUAGE_STANDARD = "gnu++17";
				CLANG_ENABLE_MODULES = YES;
				CLANG_ENABLE_OBJC_ARC = YES;
				CLANG_ENABLE_OBJC_WEAK = YES;
				CLANG_WARN_BLOCK_CAPTURE_AUTORELEASING = YES;
				CLANG_WARN_BOOL_CONVERSION = YES;
				CLANG_WARN_COMMA = YES;
				CLANG_WARN_CONSTANT_CONVERSION = YES;
				CLANG_WARN_DEPRECATED_OBJC_IMPLEMENTATIONS = YES;
				CLANG_WARN_DIRECT_OBJC_ISA_USAGE = YES_ERROR;
				CLANG_WARN_DOCUMENTATION_COMMENTS = YES;
				CLANG_WARN_EMPTY_BODY = YES;
				CLANG_WARN_ENUM_CONVERSION = YES;
				CLANG_WARN_INFINITE_RECURSION = YES;
				CLANG_WARN_INT_CONVERSION = YES;
				CLANG_WARN_NON_LITERAL_NULL_CONVERSION = YES;
				CLANG_WARN_OBJC_IMPLICIT_RETAIN_SELF = YES;
				CLANG_WARN_OBJC_LITERAL_CONVERSION = YES;
				CLANG_WARN_OBJC_ROOT_CLASS = YES_ERROR;
				CLANG_WARN_QUOTED_INCLUDE_IN_FRAMEWORK_HEADER = YES;
				CLANG_WARN_RANGE_LOOP_ANALYSIS = YES;
				CLANG_WARN_STRICT_PROTOTYPES = YES;
				CLANG_WARN_SUSPICIOUS_MOVE = YES;
				CLANG_WARN_UNGUARDED_AVAILABILITY = YES_AGGRESSIVE;
				CLANG_WARN_UNREACHABLE_CODE = YES;
				CLANG_WARN__DUPLICATE_METHOD_MATCH = YES;
				COPY_PHASE_STRIP = NO;
				DEBUG_INFORMATION_FORMAT = "dwarf-with-dsym";
				ENABLE_NS_ASSERTIONS = NO;
				ENABLE_STRICT_OBJC_MSGSEND = YES;
				GCC_C_LANGUAGE_STANDARD = gnu11;
				GCC_NO_COMMON_BLOCKS = YES;
				GCC_WARN_64_TO_32_BIT_CONVERSION = YES;
				GCC_WARN_ABOUT_RETURN_TYPE = YES_ERROR;
				GCC_WARN_UNDECLARED_SELECTOR = YES;
				GCC_WARN_UNINITIALIZED_AUTOS = YES_AGGRESSIVE;
				GCC_WARN_UNUSED_FUNCTION = YES;
				GCC_WARN_UNUSED_VARIABLE = YES;
				IPHONEOS_DEPLOYMENT_TARGET = 15.4;
				MTL_ENABLE_DEBUG_INFO = NO;
				MTL_FAST_MATH = YES;
				SDKROOT = iphoneos;
				SWIFT_COMPILATION_MODE = wholemodule;
				SWIFT_OPTIMIZATION_LEVEL = "-O";
				VALIDATE_PRODUCT = YES;
			};
			name = Release;
		};
		6A9AB9B827F497CF00B367CA /* Debug */ = {
			isa = XCBuildConfiguration;
			buildSettings = {
				ASSETCATALOG_COMPILER_APPICON_NAME = AppIcon;
				ASSETCATALOG_COMPILER_GLOBAL_ACCENT_COLOR_NAME = AccentColor;
				CODE_SIGN_STYLE = Automatic;
				CURRENT_PROJECT_VERSION = 1;
				DEVELOPMENT_TEAM = PV6HN5YD4W;
				GENERATE_INFOPLIST_FILE = YES;
				INFOPLIST_FILE = pageControl/Info.plist;
				INFOPLIST_KEY_UIApplicationSupportsIndirectInputEvents = YES;
				INFOPLIST_KEY_UILaunchStoryboardName = LaunchScreen;
				INFOPLIST_KEY_UIMainStoryboardFile = Main;
				INFOPLIST_KEY_UISupportedInterfaceOrientations_iPad = "UIInterfaceOrientationPortrait UIInterfaceOrientationPortraitUpsideDown UIInterfaceOrientationLandscapeLeft UIInterfaceOrientationLandscapeRight";
				INFOPLIST_KEY_UISupportedInterfaceOrientations_iPhone = "UIInterfaceOrientationPortrait UIInterfaceOrientationLandscapeLeft UIInterfaceOrientationLandscapeRight";
				LD_RUNPATH_SEARCH_PATHS = (
					"$(inherited)",
					"@executable_path/Frameworks",
				);
				MARKETING_VERSION = 1.0;
				PRODUCT_BUNDLE_IDENTIFIER = CultureSupply.pageControl;
				PRODUCT_NAME = "$(TARGET_NAME)";
				SWIFT_EMIT_LOC_STRINGS = YES;
				SWIFT_VERSION = 5.0;
				TARGETED_DEVICE_FAMILY = "1,2";
			};
			name = Debug;
		};
		6A9AB9B927F497CF00B367CA /* Release */ = {
			isa = XCBuildConfiguration;
			buildSettings = {
				ASSETCATALOG_COMPILER_APPICON_NAME = AppIcon;
				ASSETCATALOG_COMPILER_GLOBAL_ACCENT_COLOR_NAME = AccentColor;
				CODE_SIGN_STYLE = Automatic;
				CURRENT_PROJECT_VERSION = 1;
				DEVELOPMENT_TEAM = PV6HN5YD4W;
				GENERATE_INFOPLIST_FILE = YES;
				INFOPLIST_FILE = pageControl/Info.plist;
				INFOPLIST_KEY_UIApplicationSupportsIndirectInputEvents = YES;
				INFOPLIST_KEY_UILaunchStoryboardName = LaunchScreen;
				INFOPLIST_KEY_UIMainStoryboardFile = Main;
				INFOPLIST_KEY_UISupportedInterfaceOrientations_iPad = "UIInterfaceOrientationPortrait UIInterfaceOrientationPortraitUpsideDown UIInterfaceOrientationLandscapeLeft UIInterfaceOrientationLandscapeRight";
				INFOPLIST_KEY_UISupportedInterfaceOrientations_iPhone = "UIInterfaceOrientationPortrait UIInterfaceOrientationLandscapeLeft UIInterfaceOrientationLandscapeRight";
				LD_RUNPATH_SEARCH_PATHS = (
					"$(inherited)",
					"@executable_path/Frameworks",
				);
				MARKETING_VERSION = 1.0;
				PRODUCT_BUNDLE_IDENTIFIER = CultureSupply.pageControl;
				PRODUCT_NAME = "$(TARGET_NAME)";
				SWIFT_EMIT_LOC_STRINGS = YES;
				SWIFT_VERSION = 5.0;
				TARGETED_DEVICE_FAMILY = "1,2";
			};
			name = Release;
		};
/* End XCBuildConfiguration section */

/* Begin XCConfigurationList section */
		6A9AB99E27F497CC00B367CA /* Build configuration list for PBXProject "pageControl" */ = {
			isa = XCConfigurationList;
			buildConfigurations = (
				6A9AB9B527F497CF00B367CA /* Debug */,
				6A9AB9B627F497CF00B367CA /* Release */,
			);
			defaultConfigurationIsVisible = 0;
			defaultConfigurationName = Release;
		};
		6A9AB9B727F497CF00B367CA /* Build configuration list for PBXNativeTarget "pageControl" */ = {
			isa = XCConfigurationList;
			buildConfigurations = (
				6A9AB9B827F497CF00B367CA /* Debug */,
				6A9AB9B927F497CF00B367CA /* Release */,
			);
			defaultConfigurationIsVisible = 0;
			defaultConfigurationName = Release;
		};
/* End XCConfigurationList section */
	};
	rootObject = 6A9AB99B27F497CC00B367CA /* Project object */;
}
